// !$*UTF8*$!
{
	archiveVersion = 1;
	classes = {
	};
	objectVersion = 46;
	objects = {

/* Begin PBXAggregateTarget section */
		28C61FE79D9A438AB50063BB /* ZERO_CHECK */ = {
			isa = PBXAggregateTarget;
			buildConfigurationList = 47C2E59E4C2E4BE79AF17D08 /* Build configuration list for PBXAggregateTarget "ZERO_CHECK" */;
			buildPhases = (
				22A7AB6FFD5D4431A71EA2D0 /* CMake Rules */,
			);
			dependencies = (
			);
			name = ZERO_CHECK;
			productName = ZERO_CHECK;
		};
		CCC4AEAB582043E19C9A5807 /* ALL_BUILD */ = {
			isa = PBXAggregateTarget;
			buildConfigurationList = 56A8CA884A2C47F798E155EB /* Build configuration list for PBXAggregateTarget "ALL_BUILD" */;
			buildPhases = (
				31115DD07AE4415E920B669C /* CMake Rules */,
			);
			dependencies = (
				A64E195873034335AC382E5D /* PBXTargetDependency */,
				1BD12BE3DFBA48B0B66C322C /* PBXTargetDependency */,
			);
			name = ALL_BUILD;
			productName = ALL_BUILD;
		};
/* End PBXAggregateTarget section */

/* Begin PBXBuildFile section */
		23E3E4F978C24FFCB2D4F39A /* main.cc in Sources */ = {isa = PBXBuildFile; fileRef = AEB694A4842D401B89BFEEF7 /* main.cc */; settings = {COMPILER_FLAGS = ""; }; };
		2AA59FB5395E4ECCBD8FE9C3 /* BaseCache.cc in Sources */ = {isa = PBXBuildFile; fileRef = 0384C76948014ED5A24D60EF /* BaseCache.cc */; settings = {COMPILER_FLAGS = ""; }; };
		4C3CC58F665943D6ACA72FC4 /* CacheStrip.cc in Sources */ = {isa = PBXBuildFile; fileRef = 8BAAF7C318EC4C0AB966FFEA /* CacheStrip.cc */; settings = {COMPILER_FLAGS = ""; }; };
		D0DABEC5D8A94B0FA4E9A03B /* BaselineCache.cc in Sources */ = {isa = PBXBuildFile; fileRef = 3ED86CD6D2214A4389559AF3 /* BaselineCache.cc */; settings = {COMPILER_FLAGS = ""; }; };
/* End PBXBuildFile section */

/* Begin PBXContainerItemProxy section */
		471B8466F91B4B0789DB7D03 /* PBXContainerItemProxy */ = {
			isa = PBXContainerItemProxy;
			containerPortal = FAA5C71A01C6449A895EF1FF /* Project object */;
			proxyType = 1;
			remoteGlobalIDString = 6B4B8D26A65F4A8BA4BD2365;
			remoteInfo = simulator;
		};
		80634B049A79421C9AFF2B97 /* PBXContainerItemProxy */ = {
			isa = PBXContainerItemProxy;
			containerPortal = FAA5C71A01C6449A895EF1FF /* Project object */;
			proxyType = 1;
			remoteGlobalIDString = 28C61FE79D9A438AB50063BB;
			remoteInfo = ZERO_CHECK;
		};
		F5FD0F372CDA4F50A6E2CFED /* PBXContainerItemProxy */ = {
			isa = PBXContainerItemProxy;
			containerPortal = FAA5C71A01C6449A895EF1FF /* Project object */;
			proxyType = 1;
			remoteGlobalIDString = 28C61FE79D9A438AB50063BB;
			remoteInfo = ZERO_CHECK;
		};
/* End PBXContainerItemProxy section */

/* Begin PBXFileReference section */
		030FF139246742639C1685EA /* CMakeLists.txt */ = {isa = PBXFileReference; explicitFileType = sourcecode.text; fileEncoding = 4; lastKnownFileType = text; path = CMakeLists.txt; sourceTree = SOURCE_ROOT; };
		0384C76948014ED5A24D60EF /* BaseCache.cc */ = {isa = PBXFileReference; explicitFileType = sourcecode.cpp.cpp; fileEncoding = 4; path = BaseCache.cc; sourceTree = SOURCE_ROOT; };
		21AC65237925494FBF25281A /* CMakeLists.txt */ = {isa = PBXFileReference; explicitFileType = sourcecode.text; fileEncoding = 4; lastKnownFileType = text; path = CMakeLists.txt; sourceTree = SOURCE_ROOT; };
		3B5B29D7DBD641B099A8842A /* CacheStrip.hh */ = {isa = PBXFileReference; explicitFileType = sourcecode.cpp.h; fileEncoding = 4; path = CacheStrip.hh; sourceTree = SOURCE_ROOT; };
		3ED86CD6D2214A4389559AF3 /* BaselineCache.cc */ = {isa = PBXFileReference; explicitFileType = sourcecode.cpp.cpp; fileEncoding = 4; path = BaselineCache.cc; sourceTree = SOURCE_ROOT; };
		4512E1F40E244224BF27E6B4 /* CMakeLists.txt */ = {isa = PBXFileReference; explicitFileType = sourcecode.text; fileEncoding = 4; lastKnownFileType = text; path = CMakeLists.txt; sourceTree = SOURCE_ROOT; };
		69198601ADC7424B95FCDAC4 /* BaselineCache.hh */ = {isa = PBXFileReference; explicitFileType = sourcecode.cpp.h; fileEncoding = 4; path = BaselineCache.hh; sourceTree = SOURCE_ROOT; };
		8053DC7ED4164320B8E03807 /* BaseCache.hh */ = {isa = PBXFileReference; explicitFileType = sourcecode.cpp.h; fileEncoding = 4; path = BaseCache.hh; sourceTree = SOURCE_ROOT; };
		8BAAF7C318EC4C0AB966FFEA /* CacheStrip.cc */ = {isa = PBXFileReference; explicitFileType = sourcecode.cpp.cpp; fileEncoding = 4; path = CacheStrip.cc; sourceTree = SOURCE_ROOT; };
		AEB694A4842D401B89BFEEF7 /* main.cc */ = {isa = PBXFileReference; explicitFileType = sourcecode.cpp.cpp; fileEncoding = 4; path = main.cc; sourceTree = SOURCE_ROOT; };
		B749CF0FE74A4EBDAEB6EB76 /* simulator */ = {isa = PBXFileReference; explicitFileType = "compiled.mach-o.executable"; path = simulator; sourceTree = BUILT_PRODUCTS_DIR; };
		C765C088EA034761AF6D4B7B /* global.hh */ = {isa = PBXFileReference; explicitFileType = sourcecode.cpp.h; fileEncoding = 4; path = global.hh; sourceTree = SOURCE_ROOT; };
/* End PBXFileReference section */

/* Begin PBXGroup section */
		0EC847AEE4F24C3AA4B5F1ED /* CMake Rules */ = {
			isa = PBXGroup;
			children = (
			);
			name = "CMake Rules";
			sourceTree = "<group>";
		};
		5465F0F9504542889B23E6BB /* ALL_BUILD */ = {
			isa = PBXGroup;
			children = (
				DCCD9CFF063341FBAAA477D6 /* CMake Rules */,
				21AC65237925494FBF25281A /* CMakeLists.txt */,
			);
			name = ALL_BUILD;
			sourceTree = "<group>";
		};
		5CFBEA4CBED54E97A6AEE029 /* ZERO_CHECK */ = {
			isa = PBXGroup;
			children = (
				0EC847AEE4F24C3AA4B5F1ED /* CMake Rules */,
				4512E1F40E244224BF27E6B4 /* CMakeLists.txt */,
			);
			name = ZERO_CHECK;
			sourceTree = "<group>";
		};
		6C1FDEEB7B2D42608A5ED9F7 /* Header Files */ = {
			isa = PBXGroup;
			children = (
				8053DC7ED4164320B8E03807 /* BaseCache.hh */,
				69198601ADC7424B95FCDAC4 /* BaselineCache.hh */,
				3B5B29D7DBD641B099A8842A /* CacheStrip.hh */,
				C765C088EA034761AF6D4B7B /* global.hh */,
			);
			name = "Header Files";
			sourceTree = "<group>";
		};
		6C8573E4B6F644D192D3513A = {
			isa = PBXGroup;
			children = (
				D75B32B77242420DB86293EA /* Sources */,
				CBA549C4349B4A83838F51EE /* Resources */,
				7A0925BBF1F94A35913DC986 /* Products */,
			);
			sourceTree = "<group>";
		};
		7A0925BBF1F94A35913DC986 /* Products */ = {
			isa = PBXGroup;
			children = (
				B749CF0FE74A4EBDAEB6EB76 /* simulator */,
			);
			name = Products;
			sourceTree = "<group>";
		};
		AD1A5B2F182344A68BA8A86B /* Source Files */ = {
			isa = PBXGroup;
			children = (
				0384C76948014ED5A24D60EF /* BaseCache.cc */,
				3ED86CD6D2214A4389559AF3 /* BaselineCache.cc */,
				8BAAF7C318EC4C0AB966FFEA /* CacheStrip.cc */,
				AEB694A4842D401B89BFEEF7 /* main.cc */,
			);
			name = "Source Files";
			sourceTree = "<group>";
		};
		CBA549C4349B4A83838F51EE /* Resources */ = {
			isa = PBXGroup;
			children = (
			);
			name = Resources;
			sourceTree = "<group>";
		};
		D75B32B77242420DB86293EA /* Sources */ = {
			isa = PBXGroup;
			children = (
				DF2DC7771E7F4ED8B97BED8F /* simulator */,
				5465F0F9504542889B23E6BB /* ALL_BUILD */,
				5CFBEA4CBED54E97A6AEE029 /* ZERO_CHECK */,
			);
			name = Sources;
			sourceTree = "<group>";
		};
		DCCD9CFF063341FBAAA477D6 /* CMake Rules */ = {
			isa = PBXGroup;
			children = (
			);
			name = "CMake Rules";
			sourceTree = "<group>";
		};
		DF2DC7771E7F4ED8B97BED8F /* simulator */ = {
			isa = PBXGroup;
			children = (
				AD1A5B2F182344A68BA8A86B /* Source Files */,
				6C1FDEEB7B2D42608A5ED9F7 /* Header Files */,
				030FF139246742639C1685EA /* CMakeLists.txt */,
			);
			name = simulator;
			sourceTree = "<group>";
		};
/* End PBXGroup section */

/* Begin PBXNativeTarget section */
		6B4B8D26A65F4A8BA4BD2365 /* simulator */ = {
			isa = PBXNativeTarget;
			buildConfigurationList = 94FABA5E0383440294CF131C /* Build configuration list for PBXNativeTarget "simulator" */;
			buildPhases = (
				6F3E9031AAC74EDD8222902D /* Sources */,
			);
			buildRules = (
			);
			dependencies = (
				42A3B67568B14E26BD5D7B1F /* PBXTargetDependency */,
			);
			name = simulator;
			productName = simulator;
			productReference = B749CF0FE74A4EBDAEB6EB76 /* simulator */;
			productType = "com.apple.product-type.tool";
		};
/* End PBXNativeTarget section */

/* Begin PBXProject section */
		FAA5C71A01C6449A895EF1FF /* Project object */ = {
			isa = PBXProject;
			attributes = {
				BuildIndependentTargetsInParallel = YES;
				LastUpgradeCheck = 0610;
			};
			buildConfigurationList = 0EDE13396709417592AD7296 /* Build configuration list for PBXProject "simulator" */;
			compatibilityVersion = "Xcode 3.2";
			developmentRegion = English;
			hasScannedForEncodings = 0;
			knownRegions = (
				en,
			);
			mainGroup = 6C8573E4B6F644D192D3513A;
			projectDirPath = "";
			projectRoot = "";
			targets = (
				6B4B8D26A65F4A8BA4BD2365 /* simulator */,
				CCC4AEAB582043E19C9A5807 /* ALL_BUILD */,
				28C61FE79D9A438AB50063BB /* ZERO_CHECK */,
			);
		};
/* End PBXProject section */

/* Begin PBXShellScriptBuildPhase section */
		22A7AB6FFD5D4431A71EA2D0 /* CMake Rules */ = {
			isa = PBXShellScriptBuildPhase;
			buildActionMask = 2147483647;
			files = (
			);
			name = "CMake Rules";
			runOnlyForDeploymentPostprocessing = 0;
			shellPath = /bin/sh;
			shellScript = "make -C /Users/Jackie/Documents/Workspace/本科/大三上/计算机组织与体系结构/RM-Explorations/simulator -f /Users/Jackie/Documents/Workspace/本科/大三上/计算机组织与体系结构/RM-Explorations/simulator/CMakeScripts/ZERO_CHECK_cmakeRulesBuildPhase.make$CONFIGURATION all";
			showEnvVarsInLog = 0;
		};
		31115DD07AE4415E920B669C /* CMake Rules */ = {
			isa = PBXShellScriptBuildPhase;
			buildActionMask = 2147483647;
			files = (
			);
			name = "CMake Rules";
			runOnlyForDeploymentPostprocessing = 0;
			shellPath = /bin/sh;
			shellScript = "make -C /Users/Jackie/Documents/Workspace/本科/大三上/计算机组织与体系结构/RM-Explorations/simulator -f /Users/Jackie/Documents/Workspace/本科/大三上/计算机组织与体系结构/RM-Explorations/simulator/CMakeScripts/ALL_BUILD_cmakeRulesBuildPhase.make$CONFIGURATION all";
			showEnvVarsInLog = 0;
		};
/* End PBXShellScriptBuildPhase section */

/* Begin PBXSourcesBuildPhase section */
		6F3E9031AAC74EDD8222902D /* Sources */ = {
			isa = PBXSourcesBuildPhase;
			buildActionMask = 2147483647;
			files = (
				2AA59FB5395E4ECCBD8FE9C3 /* BaseCache.cc in Sources */,
				D0DABEC5D8A94B0FA4E9A03B /* BaselineCache.cc in Sources */,
				4C3CC58F665943D6ACA72FC4 /* CacheStrip.cc in Sources */,
				23E3E4F978C24FFCB2D4F39A /* main.cc in Sources */,
			);
			runOnlyForDeploymentPostprocessing = 0;
		};
/* End PBXSourcesBuildPhase section */

/* Begin PBXTargetDependency section */
		1BD12BE3DFBA48B0B66C322C /* PBXTargetDependency */ = {
			isa = PBXTargetDependency;
			target = 28C61FE79D9A438AB50063BB /* ZERO_CHECK */;
			targetProxy = 80634B049A79421C9AFF2B97 /* PBXContainerItemProxy */;
		};
		42A3B67568B14E26BD5D7B1F /* PBXTargetDependency */ = {
			isa = PBXTargetDependency;
			target = 28C61FE79D9A438AB50063BB /* ZERO_CHECK */;
			targetProxy = F5FD0F372CDA4F50A6E2CFED /* PBXContainerItemProxy */;
		};
		A64E195873034335AC382E5D /* PBXTargetDependency */ = {
			isa = PBXTargetDependency;
			target = 6B4B8D26A65F4A8BA4BD2365 /* simulator */;
			targetProxy = 471B8466F91B4B0789DB7D03 /* PBXContainerItemProxy */;
		};
/* End PBXTargetDependency section */

/* Begin XCBuildConfiguration section */
		0E9FD75CC6D247ADA26A9BB6 /* Debug */ = {
			isa = XCBuildConfiguration;
			buildSettings = {
				ONLY_ACTIVE_ARCH = YES;
				SDKROOT = /Applications/Xcode.app/Contents/Developer/Platforms/MacOSX.platform/Developer/SDKs/MacOSX10.10.sdk;
				SYMROOT = "/Users/Jackie/Documents/Workspace/本科/大三上/计算机组织与体系结构/RM-Explorations/simulator/build";
			};
			name = Debug;
		};
		1856D6EC6FDD440CAA6A1BE5 /* Debug */ = {
			isa = XCBuildConfiguration;
			buildSettings = {
				COMBINE_HIDPI_IMAGES = YES;
				GCC_GENERATE_DEBUGGING_SYMBOLS = NO;
				GCC_INLINES_ARE_PRIVATE_EXTERN = NO;
				GCC_OPTIMIZATION_LEVEL = 0;
				GCC_PREPROCESSOR_DEFINITIONS = "'CMAKE_INTDIR=\"$(CONFIGURATION)$(EFFECTIVE_PLATFORM_NAME)\"'";
				GCC_SYMBOLS_PRIVATE_EXTERN = NO;
				INSTALL_PATH = "";
				OTHER_CFLAGS = "  ";
				OTHER_LDFLAGS = " ";
				OTHER_REZFLAGS = "";
				PRODUCT_NAME = ALL_BUILD;
				SECTORDER_FLAGS = "";
				SYMROOT = "/Users/Jackie/Documents/Workspace/本科/大三上/计算机组织与体系结构/RM-Explorations/simulator";
				USE_HEADERMAP = NO;
				WARNING_CFLAGS = (
					"-Wmost",
					"-Wno-four-char-constants",
					"-Wno-unknown-pragmas",
				);
			};
			name = Debug;
		};
		1A8AD1DE57B14EB98CA1DA9F /* MinSizeRel */ = {
			isa = XCBuildConfiguration;
			buildSettings = {
				COMBINE_HIDPI_IMAGES = YES;
				EXECUTABLE_PREFIX = "";
				EXECUTABLE_SUFFIX = "";
				GCC_GENERATE_DEBUGGING_SYMBOLS = NO;
				GCC_INLINES_ARE_PRIVATE_EXTERN = NO;
				GCC_OPTIMIZATION_LEVEL = s;
				GCC_PREPROCESSOR_DEFINITIONS = "'CMAKE_INTDIR=\"$(CONFIGURATION)$(EFFECTIVE_PLATFORM_NAME)\"'";
				GCC_SYMBOLS_PRIVATE_EXTERN = NO;
				INSTALL_PATH = "";
				LIBRARY_SEARCH_PATHS = "";
				OTHER_CFLAGS = "    -DNDEBUG  ";
				OTHER_CPLUSPLUSFLAGS = (
					"-std=c++11",
					"-DNDEBUG",
				);
				OTHER_LDFLAGS = (
					"-Wl,-search_paths_first",
					"-Wl,-headerpad_max_install_names",
				);
				OTHER_REZFLAGS = "";
				PRODUCT_NAME = simulator;
				SECTORDER_FLAGS = "";
				SYMROOT = "/Users/Jackie/Documents/Workspace/本科/大三上/计算机组织与体系结构/RM-Explorations/simulator";
				USE_HEADERMAP = NO;
				WARNING_CFLAGS = (
					"-Wmost",
					"-Wno-four-char-constants",
					"-Wno-unknown-pragmas",
				);
			};
			name = MinSizeRel;
		};
		2AFB22B6F50347C294B8A272 /* RelWithDebInfo */ = {
			isa = XCBuildConfiguration;
			buildSettings = {
				ONLY_ACTIVE_ARCH = YES;
				SDKROOT = /Applications/Xcode.app/Contents/Developer/Platforms/MacOSX.platform/Developer/SDKs/MacOSX10.10.sdk;
				SYMROOT = "/Users/Jackie/Documents/Workspace/本科/大三上/计算机组织与体系结构/RM-Explorations/simulator/build";
			};
			name = RelWithDebInfo;
		};
		3D168010F7F44D79BA20D683 /* RelWithDebInfo */ = {
			isa = XCBuildConfiguration;
			buildSettings = {
				COMBINE_HIDPI_IMAGES = YES;
				EXECUTABLE_PREFIX = "";
				EXECUTABLE_SUFFIX = "";
				GCC_GENERATE_DEBUGGING_SYMBOLS = YES;
				GCC_INLINES_ARE_PRIVATE_EXTERN = NO;
				GCC_OPTIMIZATION_LEVEL = 2;
				GCC_PREPROCESSOR_DEFINITIONS = "'CMAKE_INTDIR=\"$(CONFIGURATION)$(EFFECTIVE_PLATFORM_NAME)\"'";
				GCC_SYMBOLS_PRIVATE_EXTERN = NO;
				INSTALL_PATH = "";
				LIBRARY_SEARCH_PATHS = "";
				OTHER_CFLAGS = "       -DNDEBUG  ";
				OTHER_CPLUSPLUSFLAGS = (
					"-std=c++11",
					"-DNDEBUG",
				);
				OTHER_LDFLAGS = (
					"-Wl,-search_paths_first",
					"-Wl,-headerpad_max_install_names",
				);
				OTHER_REZFLAGS = "";
				PRODUCT_NAME = simulator;
				SECTORDER_FLAGS = "";
				SYMROOT = "/Users/Jackie/Documents/Workspace/本科/大三上/计算机组织与体系结构/RM-Explorations/simulator";
				USE_HEADERMAP = NO;
				WARNING_CFLAGS = (
					"-Wmost",
					"-Wno-four-char-constants",
					"-Wno-unknown-pragmas",
				);
			};
			name = RelWithDebInfo;
		};
		62C7FC56DAE046D4BCBB3532 /* Release */ = {
			isa = XCBuildConfiguration;
			buildSettings = {
				COMBINE_HIDPI_IMAGES = YES;
				EXECUTABLE_PREFIX = "";
				EXECUTABLE_SUFFIX = "";
				GCC_GENERATE_DEBUGGING_SYMBOLS = NO;
				GCC_INLINES_ARE_PRIVATE_EXTERN = NO;
				GCC_OPTIMIZATION_LEVEL = 3;
				GCC_PREPROCESSOR_DEFINITIONS = "'CMAKE_INTDIR=\"$(CONFIGURATION)$(EFFECTIVE_PLATFORM_NAME)\"'";
				GCC_SYMBOLS_PRIVATE_EXTERN = NO;
				INSTALL_PATH = "";
				LIBRARY_SEARCH_PATHS = "";
				OTHER_CFLAGS = "    -DNDEBUG  ";
				OTHER_CPLUSPLUSFLAGS = (
					"-std=c++11",
					"-DNDEBUG",
				);
				OTHER_LDFLAGS = (
					"-Wl,-search_paths_first",
					"-Wl,-headerpad_max_install_names",
				);
				OTHER_REZFLAGS = "";
				PRODUCT_NAME = simulator;
				SECTORDER_FLAGS = "";
				SYMROOT = "/Users/Jackie/Documents/Workspace/本科/大三上/计算机组织与体系结构/RM-Explorations/simulator";
				USE_HEADERMAP = NO;
				WARNING_CFLAGS = (
					"-Wmost",
					"-Wno-four-char-constants",
					"-Wno-unknown-pragmas",
				);
			};
			name = Release;
		};
		6BEFC114A429423190429917 /* Debug */ = {
			isa = XCBuildConfiguration;
			buildSettings = {
				COMBINE_HIDPI_IMAGES = YES;
				EXECUTABLE_PREFIX = "";
				EXECUTABLE_SUFFIX = "";
				GCC_GENERATE_DEBUGGING_SYMBOLS = YES;
				GCC_INLINES_ARE_PRIVATE_EXTERN = NO;
				GCC_OPTIMIZATION_LEVEL = 0;
				GCC_PREPROCESSOR_DEFINITIONS = "'CMAKE_INTDIR=\"$(CONFIGURATION)$(EFFECTIVE_PLATFORM_NAME)\"'";
				GCC_SYMBOLS_PRIVATE_EXTERN = NO;
				INSTALL_PATH = "";
				LIBRARY_SEARCH_PATHS = "";
				OTHER_CFLAGS = "    ";
				OTHER_CPLUSPLUSFLAGS = " -std=c++11     ";
				OTHER_LDFLAGS = (
					"-Wl,-search_paths_first",
					"-Wl,-headerpad_max_install_names",
				);
				OTHER_REZFLAGS = "";
				PRODUCT_NAME = simulator;
				SECTORDER_FLAGS = "";
				SYMROOT = "/Users/Jackie/Documents/Workspace/本科/大三上/计算机组织与体系结构/RM-Explorations/simulator";
				USE_HEADERMAP = NO;
				WARNING_CFLAGS = (
					"-Wmost",
					"-Wno-four-char-constants",
					"-Wno-unknown-pragmas",
				);
			};
			name = Debug;
		};
		70118AA7C82045E79A52444B /* MinSizeRel */ = {
			isa = XCBuildConfiguration;
			buildSettings = {
				ONLY_ACTIVE_ARCH = YES;
				SDKROOT = /Applications/Xcode.app/Contents/Developer/Platforms/MacOSX.platform/Developer/SDKs/MacOSX10.10.sdk;
				SYMROOT = "/Users/Jackie/Documents/Workspace/本科/大三上/计算机组织与体系结构/RM-Explorations/simulator/build";
			};
			name = MinSizeRel;
		};
		9D02E9CE8BC04BBA9B065338 /* Release */ = {
			isa = XCBuildConfiguration;
			buildSettings = {
				ONLY_ACTIVE_ARCH = YES;
				SDKROOT = /Applications/Xcode.app/Contents/Developer/Platforms/MacOSX.platform/Developer/SDKs/MacOSX10.10.sdk;
				SYMROOT = "/Users/Jackie/Documents/Workspace/本科/大三上/计算机组织与体系结构/RM-Explorations/simulator/build";
			};
			name = Release;
		};
		A12A2E86014A4F7D9272680A /* RelWithDebInfo */ = {
			isa = XCBuildConfiguration;
			buildSettings = {
				COMBINE_HIDPI_IMAGES = YES;
				GCC_GENERATE_DEBUGGING_SYMBOLS = NO;
				GCC_INLINES_ARE_PRIVATE_EXTERN = NO;
				GCC_OPTIMIZATION_LEVEL = 0;
				GCC_PREPROCESSOR_DEFINITIONS = "'CMAKE_INTDIR=\"$(CONFIGURATION)$(EFFECTIVE_PLATFORM_NAME)\"'";
				GCC_SYMBOLS_PRIVATE_EXTERN = NO;
				INSTALL_PATH = "";
				OTHER_CFLAGS = "  ";
				OTHER_LDFLAGS = " ";
				OTHER_REZFLAGS = "";
				PRODUCT_NAME = ALL_BUILD;
				SECTORDER_FLAGS = "";
				SYMROOT = "/Users/Jackie/Documents/Workspace/本科/大三上/计算机组织与体系结构/RM-Explorations/simulator";
				USE_HEADERMAP = NO;
				WARNING_CFLAGS = (
					"-Wmost",
					"-Wno-four-char-constants",
					"-Wno-unknown-pragmas",
				);
			};
			name = RelWithDebInfo;
		};
		A44265BFA7C548FBA2E957DC /* MinSizeRel */ = {
			isa = XCBuildConfiguration;
			buildSettings = {
				COMBINE_HIDPI_IMAGES = YES;
				GCC_GENERATE_DEBUGGING_SYMBOLS = NO;
				GCC_INLINES_ARE_PRIVATE_EXTERN = NO;
				GCC_OPTIMIZATION_LEVEL = 0;
				GCC_PREPROCESSOR_DEFINITIONS = "'CMAKE_INTDIR=\"$(CONFIGURATION)$(EFFECTIVE_PLATFORM_NAME)\"'";
				GCC_SYMBOLS_PRIVATE_EXTERN = NO;
				INSTALL_PATH = "";
				OTHER_CFLAGS = "  ";
				OTHER_LDFLAGS = " ";
				OTHER_REZFLAGS = "";
				PRODUCT_NAME = ALL_BUILD;
				SECTORDER_FLAGS = "";
				SYMROOT = "/Users/Jackie/Documents/Workspace/本科/大三上/计算机组织与体系结构/RM-Explorations/simulator";
				USE_HEADERMAP = NO;
				WARNING_CFLAGS = (
					"-Wmost",
					"-Wno-four-char-constants",
					"-Wno-unknown-pragmas",
				);
			};
			name = MinSizeRel;
		};
		CEA0F1F627384CF68682C1A6 /* MinSizeRel */ = {
			isa = XCBuildConfiguration;
			buildSettings = {
				COMBINE_HIDPI_IMAGES = YES;
				GCC_GENERATE_DEBUGGING_SYMBOLS = NO;
				GCC_INLINES_ARE_PRIVATE_EXTERN = NO;
				GCC_OPTIMIZATION_LEVEL = 0;
				GCC_PREPROCESSOR_DEFINITIONS = "'CMAKE_INTDIR=\"$(CONFIGURATION)$(EFFECTIVE_PLATFORM_NAME)\"'";
				GCC_SYMBOLS_PRIVATE_EXTERN = NO;
				INSTALL_PATH = "";
				OTHER_CFLAGS = "  ";
				OTHER_LDFLAGS = " ";
				OTHER_REZFLAGS = "";
				PRODUCT_NAME = ZERO_CHECK;
				SECTORDER_FLAGS = "";
				SYMROOT = "/Users/Jackie/Documents/Workspace/本科/大三上/计算机组织与体系结构/RM-Explorations/simulator";
				USE_HEADERMAP = NO;
				WARNING_CFLAGS = (
					"-Wmost",
					"-Wno-four-char-constants",
					"-Wno-unknown-pragmas",
				);
			};
			name = MinSizeRel;
		};
		D11C036D11A04FFC8AB19F37 /* RelWithDebInfo */ = {
			isa = XCBuildConfiguration;
			buildSettings = {
				COMBINE_HIDPI_IMAGES = YES;
				GCC_GENERATE_DEBUGGING_SYMBOLS = NO;
				GCC_INLINES_ARE_PRIVATE_EXTERN = NO;
				GCC_OPTIMIZATION_LEVEL = 0;
				GCC_PREPROCESSOR_DEFINITIONS = "'CMAKE_INTDIR=\"$(CONFIGURATION)$(EFFECTIVE_PLATFORM_NAME)\"'";
				GCC_SYMBOLS_PRIVATE_EXTERN = NO;
				INSTALL_PATH = "";
				OTHER_CFLAGS = "  ";
				OTHER_LDFLAGS = " ";
				OTHER_REZFLAGS = "";
				PRODUCT_NAME = ZERO_CHECK;
				SECTORDER_FLAGS = "";
				SYMROOT = "/Users/Jackie/Documents/Workspace/本科/大三上/计算机组织与体系结构/RM-Explorations/simulator";
				USE_HEADERMAP = NO;
				WARNING_CFLAGS = (
					"-Wmost",
					"-Wno-four-char-constants",
					"-Wno-unknown-pragmas",
				);
			};
			name = RelWithDebInfo;
		};
		DF6F1E60841341E6AF3EAF37 /* Release */ = {
			isa = XCBuildConfiguration;
			buildSettings = {
				COMBINE_HIDPI_IMAGES = YES;
				GCC_GENERATE_DEBUGGING_SYMBOLS = NO;
				GCC_INLINES_ARE_PRIVATE_EXTERN = NO;
				GCC_OPTIMIZATION_LEVEL = 0;
				GCC_PREPROCESSOR_DEFINITIONS = "'CMAKE_INTDIR=\"$(CONFIGURATION)$(EFFECTIVE_PLATFORM_NAME)\"'";
				GCC_SYMBOLS_PRIVATE_EXTERN = NO;
				INSTALL_PATH = "";
				OTHER_CFLAGS = "  ";
				OTHER_LDFLAGS = " ";
				OTHER_REZFLAGS = "";
				PRODUCT_NAME = ALL_BUILD;
				SECTORDER_FLAGS = "";
				SYMROOT = "/Users/Jackie/Documents/Workspace/本科/大三上/计算机组织与体系结构/RM-Explorations/simulator";
				USE_HEADERMAP = NO;
				WARNING_CFLAGS = (
					"-Wmost",
					"-Wno-four-char-constants",
					"-Wno-unknown-pragmas",
				);
			};
			name = Release;
		};
		F57131FFD5694ED997ABC1CE /* Debug */ = {
			isa = XCBuildConfiguration;
			buildSettings = {
				COMBINE_HIDPI_IMAGES = YES;
				GCC_GENERATE_DEBUGGING_SYMBOLS = NO;
				GCC_INLINES_ARE_PRIVATE_EXTERN = NO;
				GCC_OPTIMIZATION_LEVEL = 0;
				GCC_PREPROCESSOR_DEFINITIONS = "'CMAKE_INTDIR=\"$(CONFIGURATION)$(EFFECTIVE_PLATFORM_NAME)\"'";
				GCC_SYMBOLS_PRIVATE_EXTERN = NO;
				INSTALL_PATH = "";
				OTHER_CFLAGS = "  ";
				OTHER_LDFLAGS = " ";
				OTHER_REZFLAGS = "";
				PRODUCT_NAME = ZERO_CHECK;
				SECTORDER_FLAGS = "";
				SYMROOT = "/Users/Jackie/Documents/Workspace/本科/大三上/计算机组织与体系结构/RM-Explorations/simulator";
				USE_HEADERMAP = NO;
				WARNING_CFLAGS = (
					"-Wmost",
					"-Wno-four-char-constants",
					"-Wno-unknown-pragmas",
				);
			};
			name = Debug;
		};
		FFF3DA90E6DD4108BCF7CDAE /* Release */ = {
			isa = XCBuildConfiguration;
			buildSettings = {
				COMBINE_HIDPI_IMAGES = YES;
				GCC_GENERATE_DEBUGGING_SYMBOLS = NO;
				GCC_INLINES_ARE_PRIVATE_EXTERN = NO;
				GCC_OPTIMIZATION_LEVEL = 0;
				GCC_PREPROCESSOR_DEFINITIONS = "'CMAKE_INTDIR=\"$(CONFIGURATION)$(EFFECTIVE_PLATFORM_NAME)\"'";
				GCC_SYMBOLS_PRIVATE_EXTERN = NO;
				INSTALL_PATH = "";
				OTHER_CFLAGS = "  ";
				OTHER_LDFLAGS = " ";
				OTHER_REZFLAGS = "";
				PRODUCT_NAME = ZERO_CHECK;
				SECTORDER_FLAGS = "";
				SYMROOT = "/Users/Jackie/Documents/Workspace/本科/大三上/计算机组织与体系结构/RM-Explorations/simulator";
				USE_HEADERMAP = NO;
				WARNING_CFLAGS = (
					"-Wmost",
					"-Wno-four-char-constants",
					"-Wno-unknown-pragmas",
				);
			};
			name = Release;
		};
/* End XCBuildConfiguration section */

/* Begin XCConfigurationList section */
		0EDE13396709417592AD7296 /* Build configuration list for PBXProject "simulator" */ = {
			isa = XCConfigurationList;
			buildConfigurations = (
				0E9FD75CC6D247ADA26A9BB6 /* Debug */,
				9D02E9CE8BC04BBA9B065338 /* Release */,
				70118AA7C82045E79A52444B /* MinSizeRel */,
				2AFB22B6F50347C294B8A272 /* RelWithDebInfo */,
			);
			defaultConfigurationIsVisible = 0;
			defaultConfigurationName = Debug;
		};
		47C2E59E4C2E4BE79AF17D08 /* Build configuration list for PBXAggregateTarget "ZERO_CHECK" */ = {
			isa = XCConfigurationList;
			buildConfigurations = (
				F57131FFD5694ED997ABC1CE /* Debug */,
				FFF3DA90E6DD4108BCF7CDAE /* Release */,
				CEA0F1F627384CF68682C1A6 /* MinSizeRel */,
				D11C036D11A04FFC8AB19F37 /* RelWithDebInfo */,
			);
			defaultConfigurationIsVisible = 0;
			defaultConfigurationName = Debug;
		};
		56A8CA884A2C47F798E155EB /* Build configuration list for PBXAggregateTarget "ALL_BUILD" */ = {
			isa = XCConfigurationList;
			buildConfigurations = (
				1856D6EC6FDD440CAA6A1BE5 /* Debug */,
				DF6F1E60841341E6AF3EAF37 /* Release */,
				A44265BFA7C548FBA2E957DC /* MinSizeRel */,
				A12A2E86014A4F7D9272680A /* RelWithDebInfo */,
			);
			defaultConfigurationIsVisible = 0;
			defaultConfigurationName = Debug;
		};
		94FABA5E0383440294CF131C /* Build configuration list for PBXNativeTarget "simulator" */ = {
			isa = XCConfigurationList;
			buildConfigurations = (
				6BEFC114A429423190429917 /* Debug */,
				62C7FC56DAE046D4BCBB3532 /* Release */,
				1A8AD1DE57B14EB98CA1DA9F /* MinSizeRel */,
				3D168010F7F44D79BA20D683 /* RelWithDebInfo */,
			);
			defaultConfigurationIsVisible = 0;
			defaultConfigurationName = Debug;
		};
/* End XCConfigurationList section */
	};
	rootObject = FAA5C71A01C6449A895EF1FF /* Project object */;
}
